
Microsoft Visual Studio Solution File, Format Version 12.00
# Visual Studio Version 17
VisualStudioVersion = 17.14.36511.14
MinimumVisualStudioVersion = 10.0.40219.1
Project("{2150E333-8FDC-42A3-9474-1A3956D46DE8}") = "Task0", "Task0", "{02EA681E-C7D8-13C7-8484-4AC65E1B71E8}"
EndProject
Project("{FAE04EC0-301F-11D3-BF4B-00C04F79EFBC}") = "Tyuiu.DolganovAV.Sprint3.Task0.V27", "Tyuiu.DolganovAV.Sprint3.Task0.V27\Tyuiu.DolganovAV.Sprint3.Task0.V27.csproj", "{271B95C6-3B0C-4253-9159-CFCF856DB1A5}"
EndProject
Project("{FAE04EC0-301F-11D3-BF4B-00C04F79EFBC}") = "Tyuiu.DolganovAV.Sprint3.Task0.V27.Lib", "Tyuiu.DolganovAV.Sprint3.Task0.V27.Lib\Tyuiu.DolganovAV.Sprint3.Task0.V27.Lib.csproj", "{9E6B555F-5446-430C-B696-E9363F2AAF5D}"
EndProject
Project("{FAE04EC0-301F-11D3-BF4B-00C04F79EFBC}") = "Tyuiu.DolganovAV.Sprint3.Task0.V27.Test", "Tyuiu.DolganovAV.Sprint3.Task0.V27.Test\Tyuiu.DolganovAV.Sprint3.Task0.V27.Test.csproj", "{C6C2BD24-5C16-4CC8-A7C0-ED3430C11649}"
EndProject
Project("{2150E333-8FDC-42A3-9474-1A3956D46DE8}") = "Task1", "Task1", "{1CAC03F5-88C2-4983-8997-6C906ECFCD19}"
EndProject
Project("{FAE04EC0-301F-11D3-BF4B-00C04F79EFBC}") = "Tyuiu.DolganovAV.Sprint3.Task1.V16", "Tyuiu.DolganovAV.Sprint3.Task1.V16\Tyuiu.DolganovAV.Sprint3.Task1.V16.csproj", "{B85B0A25-80A4-45CE-AE3F-18D3C05899B2}"
EndProject
Project("{FAE04EC0-301F-11D3-BF4B-00C04F79EFBC}") = "Tyuiu.DolganovAV.Sprint3.Task1.V16.Test", "Tyuiu.DolganovAV.Sprint3.Task1.V16.Test\Tyuiu.DolganovAV.Sprint3.Task1.V16.Test.csproj", "{8A857765-5B26-4776-BA23-209B71E46476}"
EndProject
Project("{FAE04EC0-301F-11D3-BF4B-00C04F79EFBC}") = "Tyuiu.DolganovAV.Sprint3.Task1.V16.Lib", "Tyuiu.DolganovAV.Sprint3.Task1.V16.Lib\Tyuiu.DolganovAV.Sprint3.Task1.V16.Lib.csproj", "{E4AC9828-C75F-47DE-AE7D-71E8B3E2E949}"
EndProject
Project("{2150E333-8FDC-42A3-9474-1A3956D46DE8}") = "Task2", "Task2", "{7C33F2DC-BE1D-476C-929A-BF9EF7F7F122}"
EndProject
Project("{FAE04EC0-301F-11D3-BF4B-00C04F79EFBC}") = "Tyuiu.DolganovAV.Sprint3.Task2.V21", "Tyuiu.DolganovAV.Sprint3.Task2.V21\Tyuiu.DolganovAV.Sprint3.Task2.V21.csproj", "{35C7E10F-D709-42F5-9317-912BDA74AF12}"
EndProject
Project("{FAE04EC0-301F-11D3-BF4B-00C04F79EFBC}") = "Tyuiu.DolganovAV.Sprint3.Task2.V21.Lib", "Tyuiu.DolganovAV.Sprint3.Task2.V21.Lib\Tyuiu.DolganovAV.Sprint3.Task2.V21.Lib.csproj", "{836828AF-828A-46EC-A15F-35BA116819A7}"
EndProject
Project("{FAE04EC0-301F-11D3-BF4B-00C04F79EFBC}") = "Tyuiu.DolganovAV.Sprint3.Task2.V21.Test", "Tyuiu.DolganovAV.Sprint3.Task2.V21.Test\Tyuiu.DolganovAV.Sprint3.Task2.V21.Test.csproj", "{1065CA92-46E1-41CC-ABC3-FBE0F9B6DBFC}"
EndProject
Project("{2150E333-8FDC-42A3-9474-1A3956D46DE8}") = "Task3", "Task3", "{3BB80738-A38F-4696-9811-FF630F6CE61D}"
EndProject
Project("{FAE04EC0-301F-11D3-BF4B-00C04F79EFBC}") = "Tyuiu.DolganovAV.Sprint3.Task3.V24", "Tyuiu.DolganovAV.Sprint3.Task3.V24\Tyuiu.DolganovAV.Sprint3.Task3.V24.csproj", "{4B804E77-135F-4F35-80D8-43A617CB5708}"
EndProject
Project("{FAE04EC0-301F-11D3-BF4B-00C04F79EFBC}") = "Tyuiu.DolganovAV.Sprint3.Task3.V24.Lib", "Tyuiu.DolganovAV.Sprint3.Task3.V24.Lib\Tyuiu.DolganovAV.Sprint3.Task3.V24.Lib.csproj", "{9C63253F-B2ED-4CD4-9BD0-226E2AFDBDAD}"
EndProject
Project("{FAE04EC0-301F-11D3-BF4B-00C04F79EFBC}") = "Tyuiu.DolganovAV.Sprint3.Task3.V24.Test", "Tyuiu.DolganovAV.Sprint3.Task3.V24.Test\Tyuiu.DolganovAV.Sprint3.Task3.V24.Test.csproj", "{EC3ED698-6720-4022-B5D3-C8FC5AB9B81F}"
EndProject
Project("{2150E333-8FDC-42A3-9474-1A3956D46DE8}") = "Task4", "Task4", "{07F293AD-8542-41EF-B8D7-169A8208B1C7}"
EndProject
Project("{FAE04EC0-301F-11D3-BF4B-00C04F79EFBC}") = "Tyuiu.DolganovAV.Sprint3.Task4.V14", "Tyuiu.DolganovAV.Sprint3.Task4.V14\Tyuiu.DolganovAV.Sprint3.Task4.V14.csproj", "{E09C8AAB-B66F-472B-9E6D-E246F0E2E4DC}"
EndProject
Project("{FAE04EC0-301F-11D3-BF4B-00C04F79EFBC}") = "Tyuiu.DolganovAV.Sprint3.Task4.V14.Test", "Tyuiu.DolganovAV.Sprint3.Task4.V14.Test\Tyuiu.DolganovAV.Sprint3.Task4.V14.Test.csproj", "{36878978-A623-4A3C-8B52-BF73238F3F21}"
EndProject
Project("{FAE04EC0-301F-11D3-BF4B-00C04F79EFBC}") = "Tyuiu.DolganovAV.Sprint3.Task4.V14.Lib", "Tyuiu.DolganovAV.Sprint3.Task4.V14.Lib\Tyuiu.DolganovAV.Sprint3.Task4.V14.Lib.csproj", "{D0162960-208B-436D-AE67-E37FD0038E2E}"
EndProject
Project("{2150E333-8FDC-42A3-9474-1A3956D46DE8}") = "Task5", "Task5", "{4088EC24-059A-4059-A7C2-39BE7C632A7E}"
EndProject
Project("{FAE04EC0-301F-11D3-BF4B-00C04F79EFBC}") = "Tyuiu.DolganovAV.Sprint3.Task5.V22", "Tyuiu.DolganovAV.Sprint3.Task5.V22\Tyuiu.DolganovAV.Sprint3.Task5.V22.csproj", "{4339A958-02E8-45ED-A68D-930677A375A0}"
EndProject
Project("{FAE04EC0-301F-11D3-BF4B-00C04F79EFBC}") = "Tyuiu.DolganovAV.Sprint3.Task5.V22.Lib", "Tyuiu.DolganovAV.Sprint3.Task5.V22.Lib\Tyuiu.DolganovAV.Sprint3.Task5.V22.Lib.csproj", "{7BED1E76-7235-467B-98F2-7F0E45C357A8}"
EndProject
Project("{FAE04EC0-301F-11D3-BF4B-00C04F79EFBC}") = "Tyuiu.DolganovAV.Sprint3.Task5.V22.Test", "Tyuiu.DolganovAV.Sprint3.Task5.V22.Test\Tyuiu.DolganovAV.Sprint3.Task5.V22.Test.csproj", "{4ED033D5-D235-4408-A55C-BDE904BBFFBE}"
EndProject
Project("{FAE04EC0-301F-11D3-BF4B-00C04F79EFBC}") = "asd", "asd\asd.csproj", "{C50B906F-4841-4854-AF06-ED6C6A4DA379}"
EndProject
Project("{2150E333-8FDC-42A3-9474-1A3956D46DE8}") = "Task6", "Task6", "{7B6389BD-2180-46B5-96DA-7E26201A07D7}"
EndProject
Project("{FAE04EC0-301F-11D3-BF4B-00C04F79EFBC}") = "Tyuiu.DolganovAV.Sprint3.Task6.V6", "Tyuiu.DolganovAV.Sprint3.Task6.V6\Tyuiu.DolganovAV.Sprint3.Task6.V6.csproj", "{0139DD68-3ED1-4164-B15E-EA969C6D85FA}"
EndProject
Project("{FAE04EC0-301F-11D3-BF4B-00C04F79EFBC}") = "Tyuiu.DolganovAV.Sprint3.Task6.V6.Lib", "Tyuiu.DolganovAV.Sprint3.Task6.V6.Lib\Tyuiu.DolganovAV.Sprint3.Task6.V6.Lib.csproj", "{98939BAB-9215-40F6-9459-49FC91F70C5A}"
EndProject
Project("{FAE04EC0-301F-11D3-BF4B-00C04F79EFBC}") = "Tyuiu.DolganovAV.Sprint3.Task6.V6.Test", "Tyuiu.DolganovAV.Sprint3.Task6.V6.Test\Tyuiu.DolganovAV.Sprint3.Task6.V6.Test.csproj", "{4F3C1B8A-021F-4094-B259-EFA5B635D75E}"
EndProject
Global
	GlobalSection(SolutionConfigurationPlatforms) = preSolution
		Debug|Any CPU = Debug|Any CPU
		Release|Any CPU = Release|Any CPU
	EndGlobalSection
	GlobalSection(ProjectConfigurationPlatforms) = postSolution
		{271B95C6-3B0C-4253-9159-CFCF856DB1A5}.Debug|Any CPU.ActiveCfg = Debug|Any CPU
		{271B95C6-3B0C-4253-9159-CFCF856DB1A5}.Debug|Any CPU.Build.0 = Debug|Any CPU
		{271B95C6-3B0C-4253-9159-CFCF856DB1A5}.Release|Any CPU.ActiveCfg = Release|Any CPU
		{271B95C6-3B0C-4253-9159-CFCF856DB1A5}.Release|Any CPU.Build.0 = Release|Any CPU
		{9E6B555F-5446-430C-B696-E9363F2AAF5D}.Debug|Any CPU.ActiveCfg = Debug|Any CPU
		{9E6B555F-5446-430C-B696-E9363F2AAF5D}.Debug|Any CPU.Build.0 = Debug|Any CPU
		{9E6B555F-5446-430C-B696-E9363F2AAF5D}.Release|Any CPU.ActiveCfg = Release|Any CPU
		{9E6B555F-5446-430C-B696-E9363F2AAF5D}.Release|Any CPU.Build.0 = Release|Any CPU
		{C6C2BD24-5C16-4CC8-A7C0-ED3430C11649}.Debug|Any CPU.ActiveCfg = Debug|Any CPU
		{C6C2BD24-5C16-4CC8-A7C0-ED3430C11649}.Debug|Any CPU.Build.0 = Debug|Any CPU
		{C6C2BD24-5C16-4CC8-A7C0-ED3430C11649}.Release|Any CPU.ActiveCfg = Release|Any CPU
		{C6C2BD24-5C16-4CC8-A7C0-ED3430C11649}.Release|Any CPU.Build.0 = Release|Any CPU
		{B85B0A25-80A4-45CE-AE3F-18D3C05899B2}.Debug|Any CPU.ActiveCfg = Debug|Any CPU
		{B85B0A25-80A4-45CE-AE3F-18D3C05899B2}.Debug|Any CPU.Build.0 = Debug|Any CPU
		{B85B0A25-80A4-45CE-AE3F-18D3C05899B2}.Release|Any CPU.ActiveCfg = Release|Any CPU
		{B85B0A25-80A4-45CE-AE3F-18D3C05899B2}.Release|Any CPU.Build.0 = Release|Any CPU
		{8A857765-5B26-4776-BA23-209B71E46476}.Debug|Any CPU.ActiveCfg = Debug|Any CPU
		{8A857765-5B26-4776-BA23-209B71E46476}.Debug|Any CPU.Build.0 = Debug|Any CPU
		{8A857765-5B26-4776-BA23-209B71E46476}.Release|Any CPU.ActiveCfg = Release|Any CPU
		{8A857765-5B26-4776-BA23-209B71E46476}.Release|Any CPU.Build.0 = Release|Any CPU
		{E4AC9828-C75F-47DE-AE7D-71E8B3E2E949}.Debug|Any CPU.ActiveCfg = Debug|Any CPU
		{E4AC9828-C75F-47DE-AE7D-71E8B3E2E949}.Debug|Any CPU.Build.0 = Debug|Any CPU
		{E4AC9828-C75F-47DE-AE7D-71E8B3E2E949}.Release|Any CPU.ActiveCfg = Release|Any CPU
		{E4AC9828-C75F-47DE-AE7D-71E8B3E2E949}.Release|Any CPU.Build.0 = Release|Any CPU
		{35C7E10F-D709-42F5-9317-912BDA74AF12}.Debug|Any CPU.ActiveCfg = Debug|Any CPU
		{35C7E10F-D709-42F5-9317-912BDA74AF12}.Debug|Any CPU.Build.0 = Debug|Any CPU
		{35C7E10F-D709-42F5-9317-912BDA74AF12}.Release|Any CPU.ActiveCfg = Release|Any CPU
		{35C7E10F-D709-42F5-9317-912BDA74AF12}.Release|Any CPU.Build.0 = Release|Any CPU
		{836828AF-828A-46EC-A15F-35BA116819A7}.Debug|Any CPU.ActiveCfg = Debug|Any CPU
		{836828AF-828A-46EC-A15F-35BA116819A7}.Debug|Any CPU.Build.0 = Debug|Any CPU
		{836828AF-828A-46EC-A15F-35BA116819A7}.Release|Any CPU.ActiveCfg = Release|Any CPU
		{836828AF-828A-46EC-A15F-35BA116819A7}.Release|Any CPU.Build.0 = Release|Any CPU
		{1065CA92-46E1-41CC-ABC3-FBE0F9B6DBFC}.Debug|Any CPU.ActiveCfg = Debug|Any CPU
		{1065CA92-46E1-41CC-ABC3-FBE0F9B6DBFC}.Debug|Any CPU.Build.0 = Debug|Any CPU
		{1065CA92-46E1-41CC-ABC3-FBE0F9B6DBFC}.Release|Any CPU.ActiveCfg = Release|Any CPU
		{1065CA92-46E1-41CC-ABC3-FBE0F9B6DBFC}.Release|Any CPU.Build.0 = Release|Any CPU
		{4B804E77-135F-4F35-80D8-43A617CB5708}.Debug|Any CPU.ActiveCfg = Debug|Any CPU
		{4B804E77-135F-4F35-80D8-43A617CB5708}.Debug|Any CPU.Build.0 = Debug|Any CPU
		{4B804E77-135F-4F35-80D8-43A617CB5708}.Release|Any CPU.ActiveCfg = Release|Any CPU
		{4B804E77-135F-4F35-80D8-43A617CB5708}.Release|Any CPU.Build.0 = Release|Any CPU
		{9C63253F-B2ED-4CD4-9BD0-226E2AFDBDAD}.Debug|Any CPU.ActiveCfg = Debug|Any CPU
		{9C63253F-B2ED-4CD4-9BD0-226E2AFDBDAD}.Debug|Any CPU.Build.0 = Debug|Any CPU
		{9C63253F-B2ED-4CD4-9BD0-226E2AFDBDAD}.Release|Any CPU.ActiveCfg = Release|Any CPU
		{9C63253F-B2ED-4CD4-9BD0-226E2AFDBDAD}.Release|Any CPU.Build.0 = Release|Any CPU
		{EC3ED698-6720-4022-B5D3-C8FC5AB9B81F}.Debug|Any CPU.ActiveCfg = Debug|Any CPU
		{EC3ED698-6720-4022-B5D3-C8FC5AB9B81F}.Debug|Any CPU.Build.0 = Debug|Any CPU
		{EC3ED698-6720-4022-B5D3-C8FC5AB9B81F}.Release|Any CPU.ActiveCfg = Release|Any CPU
		{EC3ED698-6720-4022-B5D3-C8FC5AB9B81F}.Release|Any CPU.Build.0 = Release|Any CPU
		{E09C8AAB-B66F-472B-9E6D-E246F0E2E4DC}.Debug|Any CPU.ActiveCfg = Debug|Any CPU
		{E09C8AAB-B66F-472B-9E6D-E246F0E2E4DC}.Debug|Any CPU.Build.0 = Debug|Any CPU
		{E09C8AAB-B66F-472B-9E6D-E246F0E2E4DC}.Release|Any CPU.ActiveCfg = Release|Any CPU
		{E09C8AAB-B66F-472B-9E6D-E246F0E2E4DC}.Release|Any CPU.Build.0 = Release|Any CPU
		{36878978-A623-4A3C-8B52-BF73238F3F21}.Debug|Any CPU.ActiveCfg = Debug|Any CPU
		{36878978-A623-4A3C-8B52-BF73238F3F21}.Debug|Any CPU.Build.0 = Debug|Any CPU
		{36878978-A623-4A3C-8B52-BF73238F3F21}.Release|Any CPU.ActiveCfg = Release|Any CPU
		{36878978-A623-4A3C-8B52-BF73238F3F21}.Release|Any CPU.Build.0 = Release|Any CPU
		{D0162960-208B-436D-AE67-E37FD0038E2E}.Debug|Any CPU.ActiveCfg = Debug|Any CPU
		{D0162960-208B-436D-AE67-E37FD0038E2E}.Debug|Any CPU.Build.0 = Debug|Any CPU
		{D0162960-208B-436D-AE67-E37FD0038E2E}.Release|Any CPU.ActiveCfg = Release|Any CPU
		{D0162960-208B-436D-AE67-E37FD0038E2E}.Release|Any CPU.Build.0 = Release|Any CPU
		{4339A958-02E8-45ED-A68D-930677A375A0}.Debug|Any CPU.ActiveCfg = Debug|Any CPU
		{4339A958-02E8-45ED-A68D-930677A375A0}.Debug|Any CPU.Build.0 = Debug|Any CPU
		{4339A958-02E8-45ED-A68D-930677A375A0}.Release|Any CPU.ActiveCfg = Release|Any CPU
		{4339A958-02E8-45ED-A68D-930677A375A0}.Release|Any CPU.Build.0 = Release|Any CPU
		{7BED1E76-7235-467B-98F2-7F0E45C357A8}.Debug|Any CPU.ActiveCfg = Debug|Any CPU
		{7BED1E76-7235-467B-98F2-7F0E45C357A8}.Debug|Any CPU.Build.0 = Debug|Any CPU
		{7BED1E76-7235-467B-98F2-7F0E45C357A8}.Release|Any CPU.ActiveCfg = Release|Any CPU
		{7BED1E76-7235-467B-98F2-7F0E45C357A8}.Release|Any CPU.Build.0 = Release|Any CPU
		{4ED033D5-D235-4408-A55C-BDE904BBFFBE}.Debug|Any CPU.ActiveCfg = Debug|Any CPU
		{4ED033D5-D235-4408-A55C-BDE904BBFFBE}.Debug|Any CPU.Build.0 = Debug|Any CPU
		{4ED033D5-D235-4408-A55C-BDE904BBFFBE}.Release|Any CPU.ActiveCfg = Release|Any CPU
		{4ED033D5-D235-4408-A55C-BDE904BBFFBE}.Release|Any CPU.Build.0 = Release|Any CPU
		{C50B906F-4841-4854-AF06-ED6C6A4DA379}.Debug|Any CPU.ActiveCfg = Debug|Any CPU
		{C50B906F-4841-4854-AF06-ED6C6A4DA379}.Debug|Any CPU.Build.0 = Debug|Any CPU
		{C50B906F-4841-4854-AF06-ED6C6A4DA379}.Release|Any CPU.ActiveCfg = Release|Any CPU
		{C50B906F-4841-4854-AF06-ED6C6A4DA379}.Release|Any CPU.Build.0 = Release|Any CPU
		{0139DD68-3ED1-4164-B15E-EA969C6D85FA}.Debug|Any CPU.ActiveCfg = Debug|Any CPU
		{0139DD68-3ED1-4164-B15E-EA969C6D85FA}.Debug|Any CPU.Build.0 = Debug|Any CPU
		{0139DD68-3ED1-4164-B15E-EA969C6D85FA}.Release|Any CPU.ActiveCfg = Release|Any CPU
		{0139DD68-3ED1-4164-B15E-EA969C6D85FA}.Release|Any CPU.Build.0 = Release|Any CPU
		{98939BAB-9215-40F6-9459-49FC91F70C5A}.Debug|Any CPU.ActiveCfg = Debug|Any CPU
		{98939BAB-9215-40F6-9459-49FC91F70C5A}.Debug|Any CPU.Build.0 = Debug|Any CPU
		{98939BAB-9215-40F6-9459-49FC91F70C5A}.Release|Any CPU.ActiveCfg = Release|Any CPU
		{98939BAB-9215-40F6-9459-49FC91F70C5A}.Release|Any CPU.Build.0 = Release|Any CPU
		{4F3C1B8A-021F-4094-B259-EFA5B635D75E}.Debug|Any CPU.ActiveCfg = Debug|Any CPU
		{4F3C1B8A-021F-4094-B259-EFA5B635D75E}.Debug|Any CPU.Build.0 = Debug|Any CPU
		{4F3C1B8A-021F-4094-B259-EFA5B635D75E}.Release|Any CPU.ActiveCfg = Release|Any CPU
		{4F3C1B8A-021F-4094-B259-EFA5B635D75E}.Release|Any CPU.Build.0 = Release|Any CPU
	EndGlobalSection
	GlobalSection(SolutionProperties) = preSolution
		HideSolutionNode = FALSE
	EndGlobalSection
	GlobalSection(NestedProjects) = preSolution
		{271B95C6-3B0C-4253-9159-CFCF856DB1A5} = {02EA681E-C7D8-13C7-8484-4AC65E1B71E8}
		{9E6B555F-5446-430C-B696-E9363F2AAF5D} = {02EA681E-C7D8-13C7-8484-4AC65E1B71E8}
		{C6C2BD24-5C16-4CC8-A7C0-ED3430C11649} = {02EA681E-C7D8-13C7-8484-4AC65E1B71E8}
		{B85B0A25-80A4-45CE-AE3F-18D3C05899B2} = {1CAC03F5-88C2-4983-8997-6C906ECFCD19}
		{8A857765-5B26-4776-BA23-209B71E46476} = {1CAC03F5-88C2-4983-8997-6C906ECFCD19}
		{E4AC9828-C75F-47DE-AE7D-71E8B3E2E949} = {1CAC03F5-88C2-4983-8997-6C906ECFCD19}
		{35C7E10F-D709-42F5-9317-912BDA74AF12} = {7C33F2DC-BE1D-476C-929A-BF9EF7F7F122}
		{836828AF-828A-46EC-A15F-35BA116819A7} = {7C33F2DC-BE1D-476C-929A-BF9EF7F7F122}
		{1065CA92-46E1-41CC-ABC3-FBE0F9B6DBFC} = {7C33F2DC-BE1D-476C-929A-BF9EF7F7F122}
		{4B804E77-135F-4F35-80D8-43A617CB5708} = {3BB80738-A38F-4696-9811-FF630F6CE61D}
		{9C63253F-B2ED-4CD4-9BD0-226E2AFDBDAD} = {3BB80738-A38F-4696-9811-FF630F6CE61D}
		{EC3ED698-6720-4022-B5D3-C8FC5AB9B81F} = {3BB80738-A38F-4696-9811-FF630F6CE61D}
		{E09C8AAB-B66F-472B-9E6D-E246F0E2E4DC} = {07F293AD-8542-41EF-B8D7-169A8208B1C7}
		{36878978-A623-4A3C-8B52-BF73238F3F21} = {07F293AD-8542-41EF-B8D7-169A8208B1C7}
		{D0162960-208B-436D-AE67-E37FD0038E2E} = {07F293AD-8542-41EF-B8D7-169A8208B1C7}
		{4339A958-02E8-45ED-A68D-930677A375A0} = {4088EC24-059A-4059-A7C2-39BE7C632A7E}
		{7BED1E76-7235-467B-98F2-7F0E45C357A8} = {4088EC24-059A-4059-A7C2-39BE7C632A7E}
		{4ED033D5-D235-4408-A55C-BDE904BBFFBE} = {4088EC24-059A-4059-A7C2-39BE7C632A7E}
		{0139DD68-3ED1-4164-B15E-EA969C6D85FA} = {7B6389BD-2180-46B5-96DA-7E26201A07D7}
		{98939BAB-9215-40F6-9459-49FC91F70C5A} = {7B6389BD-2180-46B5-96DA-7E26201A07D7}
		{4F3C1B8A-021F-4094-B259-EFA5B635D75E} = {7B6389BD-2180-46B5-96DA-7E26201A07D7}
	EndGlobalSection
	GlobalSection(ExtensibilityGlobals) = postSolution
		SolutionGuid = {3F4270E0-2C51-4557-807D-4364EA6140F3}
	EndGlobalSection
EndGlobal
